
Microsoft Visual Studio Solution File, Format Version 12.00
# Visual Studio Version 16
VisualStudioVersion = 16.0.29709.97
MinimumVisualStudioVersion = 10.0.40219.1
Project("{2150E333-8FDC-42A3-9474-1A3956D46DE8}") = "SOLID", "SOLID", "{D3380515-CD4B-4DD2-A17C-0B260A57099C}"
EndProject
Project("{FAE04EC0-301F-11D3-BF4B-00C04F79EFBC}") = "Patterns.OCP", "SOLID\Patterns.OCP\Patterns.OCP.csproj", "{33B71BCA-434D-4391-9E6C-398FFC61208C}"
EndProject
Global
	GlobalSection(SolutionConfigurationPlatforms) = preSolution
		Debug|Any CPU = Debug|Any CPU
		Release|Any CPU = Release|Any CPU
	EndGlobalSection
	GlobalSection(ProjectConfigurationPlatforms) = postSolution
		{33B71BCA-434D-4391-9E6C-398FFC61208C}.Debug|Any CPU.ActiveCfg = Debug|Any CPU
		{33B71BCA-434D-4391-9E6C-398FFC61208C}.Debug|Any CPU.Build.0 = Debug|Any CPU
		{33B71BCA-434D-4391-9E6C-398FFC61208C}.Release|Any CPU.ActiveCfg = Release|Any CPU
		{33B71BCA-434D-4391-9E6C-398FFC61208C}.Release|Any CPU.Build.0 = Release|Any CPU
	EndGlobalSection
	GlobalSection(SolutionProperties) = preSolution
		HideSolutionNode = FALSE
	EndGlobalSection
	GlobalSection(NestedProjects) = preSolution
		{33B71BCA-434D-4391-9E6C-398FFC61208C} = {D3380515-CD4B-4DD2-A17C-0B260A57099C}
	EndGlobalSection
	GlobalSection(ExtensibilityGlobals) = postSolution
		SolutionGuid = {4559D491-BB97-4AA8-BC66-F954CFD58F2D}
	EndGlobalSection
EndGlobal
